
Microsoft Visual Studio Solution File, Format Version 12.00
# Visual Studio Version 16
VisualStudioVersion = 16.0.30128.74
MinimumVisualStudioVersion = 10.0.40219.1
Project("{FAE04EC0-301F-11D3-BF4B-00C04F79EFBC}") = "thunder_link_catch", "thunder_link_catch\thunder_link_catch.csproj", "{554F6577-86AF-48B5-8368-73CF02DF1BF8}"
EndProject
Global
	GlobalSection(SolutionConfigurationPlatforms) = preSolution
		Debug|Any CPU = Debug|Any CPU
		Release|Any CPU = Release|Any CPU
	EndGlobalSection
	GlobalSection(ProjectConfigurationPlatforms) = postSolution
		{554F6577-86AF-48B5-8368-73CF02DF1BF8}.Debug|Any CPU.ActiveCfg = Debug|Any CPU
		{554F6577-86AF-48B5-8368-73CF02DF1BF8}.Debug|Any CPU.Build.0 = Debug|Any CPU
		{554F6577-86AF-48B5-8368-73CF02DF1BF8}.Release|Any CPU.ActiveCfg = Release|Any CPU
		{554F6577-86AF-48B5-8368-73CF02DF1BF8}.Release|Any CPU.Build.0 = Release|Any CPU
	EndGlobalSection
	GlobalSection(SolutionProperties) = preSolution
		HideSolutionNode = FALSE
	EndGlobalSection
	GlobalSection(ExtensibilityGlobals) = postSolution
		SolutionGuid = {945E7B20-8BFB-4D6F-9F50-10EA47E0D67E}
	EndGlobalSection
EndGlobal
